PODS:
  - Flutter (1.0.0)
  - fluttertoast (0.0.2):
    - Flutter
  - FMDB (2.7.5):
    - FMDB/standard (= 2.7.5)
  - FMDB/standard (2.7.5)
  - Google-Maps-iOS-Utils (3.3.0):
    - Google-Maps-iOS-Utils/Clustering (= 3.3.0)
    - Google-Maps-iOS-Utils/Geometry (= 3.3.0)
    - Google-Maps-iOS-Utils/Heatmap (= 3.3.0)
    - Google-Maps-iOS-Utils/QuadTree (= 3.3.0)
    - GoogleMaps
  - Google-Maps-iOS-Utils/Clustering (3.3.0):
    - Google-Maps-iOS-Utils/QuadTree
    - GoogleMaps
  - Google-Maps-iOS-Utils/Geometry (3.3.0):
    - GoogleMaps
  - Google-Maps-iOS-Utils/Heatmap (3.3.0):
    - Google-Maps-iOS-Utils/QuadTree
    - GoogleMaps
  - Google-Maps-iOS-Utils/QuadTree (3.3.0):
    - GoogleMaps
  - google_maps_flutter (0.0.1):
    - Flutter
    - Google-Maps-iOS-Utils
    - GoogleMaps
  - GoogleMaps (3.10.0):
    - GoogleMaps/Maps (= 3.10.0)
  - GoogleMaps/Base (3.10.0)
  - GoogleMaps/Maps (3.10.0):
    - GoogleMaps/Base
  - shared_preferences (0.0.1):
    - Flutter
  - sqflite (0.0.1):
    - Flutter
    - FMDB (~> 2.7.2)
  - url_launcher (0.0.1):
    - Flutter

DEPENDENCIES:
  - Flutter (from `Flutter`)
  - fluttertoast (from `.symlinks/plugins/fluttertoast/ios`)
  - google_maps_flutter (from `.symlinks/plugins/google_maps_flutter/ios`)
  - shared_preferences (from `.symlinks/plugins/shared_preferences/ios`)
  - sqflite (from `.symlinks/plugins/sqflite/ios`)
  - url_launcher (from `.symlinks/plugins/url_launcher/ios`)

SPEC REPOS:
  trunk:
    - FMDB
    - Google-Maps-iOS-Utils
    - GoogleMaps

EXTERNAL SOURCES:
  Flutter:
    :path: Flutter
  fluttertoast:
    :path: ".symlinks/plugins/fluttertoast/ios"
  google_maps_flutter:
    :path: ".symlinks/plugins/google_maps_flutter/ios"
  shared_preferences:
    :path: ".symlinks/plugins/shared_preferences/ios"
  sqflite:
    :path: ".symlinks/plugins/sqflite/ios"
  url_launcher:
    :path: ".symlinks/plugins/url_launcher/ios"

SPEC CHECKSUMS:
  Flutter: 0e3d915762c693b495b44d77113d4970485de6ec
  fluttertoast: b644586ef3b16f67fae9a1f8754cef6b2d6b634b
  FMDB: 2ce00b547f966261cd18927a3ddb07cb6f3db82a
  Google-Maps-iOS-Utils: 5481c2c8999a7847424755d777c241c238243c0a
  google_maps_flutter: 0e39c5b391fb547825aaa11b10c518fd3029c843
  GoogleMaps: 8c080862ff2748ece9929471b30feb56a6c5079d
  shared_preferences: af6bfa751691cdc24be3045c43ec037377ada40d
  sqflite: 4001a31ff81d210346b500c55b17f4d6c7589dd0
  url_launcher: 6fef411d543ceb26efce54b05a0a40bfd74cbbef

PODFILE CHECKSUM: 4e8f8b2be68aeea4c0d5beb6ff1e79fface1d048

COCOAPODS: 1.9.3
